
Microsoft Visual Studio Solution File, Format Version 12.00
# Visual Studio Version 16
VisualStudioVersion = 16.0.29609.76
MinimumVisualStudioVersion = 10.0.40219.1
Project("{FAE04EC0-301F-11D3-BF4B-00C04F79EFBC}") = "uri1001", "URI\uri1001.csproj", "{428BC1E0-1C14-429B-953E-C218D6537325}"
EndProject
Project("{9A19103F-16F7-4668-BE54-9A1E7A4F7556}") = "uri1002", "uri1002\uri1002.csproj", "{D294D3D2-F936-4FBD-9F35-5221BE3DF21A}"
EndProject
Project("{9A19103F-16F7-4668-BE54-9A1E7A4F7556}") = "uri1003", "uri1003\uri1003.csproj", "{9C3E0096-194C-4A02-9AEF-C32B97B990CA}"
EndProject
Project("{9A19103F-16F7-4668-BE54-9A1E7A4F7556}") = "uri1004", "uri1004\uri1004.csproj", "{F6ED8FCD-2677-4E18-A74A-DE419415221D}"
EndProject
Project("{9A19103F-16F7-4668-BE54-9A1E7A4F7556}") = "uri1005", "uri1005\uri1005.csproj", "{2C657A0C-C3CD-475B-84D9-C5009EA6C639}"
EndProject
Project("{9A19103F-16F7-4668-BE54-9A1E7A4F7556}") = "uri1006", "uri1006\uri1006.csproj", "{D020E257-2E9E-49BC-99F2-39770E3071C9}"
EndProject
Project("{9A19103F-16F7-4668-BE54-9A1E7A4F7556}") = "uri1007", "uri1007\uri1007.csproj", "{4739539F-B050-43E9-B000-C8EC2AE913FE}"
EndProject
Project("{9A19103F-16F7-4668-BE54-9A1E7A4F7556}") = "uri1008", "uri1008\uri1008.csproj", "{7CBED9AB-D34F-4014-B914-FBD731FEEAE9}"
EndProject
Project("{9A19103F-16F7-4668-BE54-9A1E7A4F7556}") = "uri1009", "uri1009\uri1009.csproj", "{C0163B7A-6D30-46AE-BF75-765EEB15D477}"
EndProject
Project("{9A19103F-16F7-4668-BE54-9A1E7A4F7556}") = "uri1010", "uri1010\uri1010.csproj", "{6F4B63FE-FE33-4443-9335-CFD9735430B7}"
EndProject
Project("{9A19103F-16F7-4668-BE54-9A1E7A4F7556}") = "uri1014", "uri1014\uri1014.csproj", "{512FFBA5-A521-451A-BB3D-6858B38E8442}"
EndProject
Project("{9A19103F-16F7-4668-BE54-9A1E7A4F7556}") = "uri1016", "uri1016\uri1016.csproj", "{2003C358-975A-47C7-8469-F7437310821B}"
EndProject
Project("{9A19103F-16F7-4668-BE54-9A1E7A4F7556}") = "uri1017", "uri1017\uri1017.csproj", "{EE6DFB28-8D3E-469A-9C49-66E136B3C05A}"
EndProject
Project("{9A19103F-16F7-4668-BE54-9A1E7A4F7556}") = "uri1011", "uri1011\uri1011.csproj", "{870496AD-81A2-4F19-B17A-475C869A7CB6}"
EndProject
Project("{9A19103F-16F7-4668-BE54-9A1E7A4F7556}") = "uri1012", "uri1012\uri1012.csproj", "{735B572B-853E-4BA5-88F7-D6D742BA34CD}"
EndProject
Project("{9A19103F-16F7-4668-BE54-9A1E7A4F7556}") = "uri1013", "uri1013\uri1013.csproj", "{9B082238-2831-4303-A819-10DD9EAC2F4D}"
EndProject
Project("{9A19103F-16F7-4668-BE54-9A1E7A4F7556}") = "uri1015", "uri1015\uri1015.csproj", "{E22374C1-7D62-4DB0-A435-26205ABB4F5F}"
EndProject
Project("{9A19103F-16F7-4668-BE54-9A1E7A4F7556}") = "mediaIdade", "mediaIdade\mediaIdade.csproj", "{0E07D62D-CAA6-45D0-ADAA-73870A67C0FC}"
EndProject
Project("{9A19103F-16F7-4668-BE54-9A1E7A4F7556}") = "uri1019", "uri1019\uri1019.csproj", "{7197D5FB-C799-41B3-8A87-C4CA58A68DC8}"
EndProject
Project("{9A19103F-16F7-4668-BE54-9A1E7A4F7556}") = "uri1018", "uri1018\uri1018.csproj", "{19484898-4023-48DC-9C53-320A3616F937}"
EndProject
Project("{9A19103F-16F7-4668-BE54-9A1E7A4F7556}") = "uri1020", "uri1020\uri1020.csproj", "{B4F75AC1-5DD3-4E81-8AFE-2F739749939A}"
EndProject
Project("{9A19103F-16F7-4668-BE54-9A1E7A4F7556}") = "uri1021", "uri1021\uri1021.csproj", "{A1093CAC-EA30-40B8-BA0E-B561169F0A72}"
EndProject
Project("{9A19103F-16F7-4668-BE54-9A1E7A4F7556}") = "uri1036", "uri1036\uri1036.csproj", "{190FBF4A-6C1C-43A7-B062-04432AAC36B9}"
EndProject
Project("{9A19103F-16F7-4668-BE54-9A1E7A4F7556}") = "menorNumero", "menorNumero\menorNumero.csproj", "{1D49AFF8-C1CC-4B07-91EF-BE98B7964749}"
EndProject
Project("{9A19103F-16F7-4668-BE54-9A1E7A4F7556}") = "telefonia", "telefonia\telefonia.csproj", "{4F83C0B7-FE85-4179-9A4A-FA67BC5DC99C}"
EndProject
Project("{9A19103F-16F7-4668-BE54-9A1E7A4F7556}") = "uri1035", "uri1035\uri1035.csproj", "{947E63C5-5C84-4553-96E6-34AC81C5689A}"
EndProject
Project("{9A19103F-16F7-4668-BE54-9A1E7A4F7556}") = "uri1038", "uri1038\uri1038.csproj", "{7A30390C-D165-4259-B59A-62613054108B}"
EndProject
Project("{9A19103F-16F7-4668-BE54-9A1E7A4F7556}") = "uri1044", "uri1044\uri1044.csproj", "{C2BB45F5-1FC7-49DD-BA4C-F4B7AB4995FD}"
EndProject
Project("{9A19103F-16F7-4668-BE54-9A1E7A4F7556}") = "uri1046", "uri1046\uri1046.csproj", "{E1ECD6EE-2AF7-4452-A2E9-7F1BA5239CD3}"
EndProject
Project("{9A19103F-16F7-4668-BE54-9A1E7A4F7556}") = "uri1048", "uri1048\uri1048.csproj", "{2039B529-9EFF-47CC-9DCA-7A51E5364B44}"
EndProject
Project("{9A19103F-16F7-4668-BE54-9A1E7A4F7556}") = "uri1037", "uri1037\uri1037.csproj", "{3DED792E-D6A2-44FF-9577-F8220EB3E68C}"
EndProject
Project("{9A19103F-16F7-4668-BE54-9A1E7A4F7556}") = "uri1040", "uri1040\uri1040.csproj", "{C337071A-38CB-4838-9541-B019627E03E9}"
EndProject
Project("{9A19103F-16F7-4668-BE54-9A1E7A4F7556}") = "uri1041", "uri1041\uri1041.csproj", "{F90F7253-A5A3-454C-8BC5-25D9C8945B1F}"
EndProject
Project("{9A19103F-16F7-4668-BE54-9A1E7A4F7556}") = "uri1045", "uri1045\uri1045.csproj", "{FF5CC7D9-D683-4875-AA33-A428C615CE2B}"
EndProject
Project("{9A19103F-16F7-4668-BE54-9A1E7A4F7556}") = "uri1047", "uri1047\uri1047.csproj", "{87C6E647-336E-44D8-A307-1D24F4D8F186}"
EndProject
Project("{9A19103F-16F7-4668-BE54-9A1E7A4F7556}") = "uri1049", "uri1049\uri1049.csproj", "{0CE1CF01-CB0C-47A1-B44B-076B1ECB2C1E}"
EndProject
Project("{9A19103F-16F7-4668-BE54-9A1E7A4F7556}") = "uri1051", "uri1051\uri1051.csproj", "{1461647E-4FA7-469B-8F19-CAA5A7557DC6}"
EndProject
Project("{9A19103F-16F7-4668-BE54-9A1E7A4F7556}") = "uri1042", "uri1042\uri1042.csproj", "{56A43A55-53E5-416F-9D73-27F93E32851E}"
EndProject
Project("{9A19103F-16F7-4668-BE54-9A1E7A4F7556}") = "uri1043", "uri1043\uri1043.csproj", "{1589B389-00D9-45B2-9C46-FBEB990AFDF4}"
EndProject
Project("{9A19103F-16F7-4668-BE54-9A1E7A4F7556}") = "uri1050", "uri1050\uri1050.csproj", "{3F304A7B-8C49-472E-AA7A-689AEA493875}"
EndProject
Project("{9A19103F-16F7-4668-BE54-9A1E7A4F7556}") = "uri1052", "uri1052\uri1052.csproj", "{FD2087C6-4136-4CD5-BBF2-CBCC662FF841}"
EndProject
Project("{9A19103F-16F7-4668-BE54-9A1E7A4F7556}") = "uri1060", "uri1060\uri1060.csproj", "{8138E5DA-AA28-4ADE-A033-B7ED3CB08F08}"
EndProject
Project("{9A19103F-16F7-4668-BE54-9A1E7A4F7556}") = "uri1064", "uri1064\uri1064.csproj", "{700A8366-48A5-464F-8671-7FE44813245C}"
EndProject
Project("{9A19103F-16F7-4668-BE54-9A1E7A4F7556}") = "uri1066", "uri1066\uri1066.csproj", "{3AAB304F-7601-4D4D-9371-9BDA503DD0B8}"
EndProject
Project("{9A19103F-16F7-4668-BE54-9A1E7A4F7556}") = "uri1113", "uri1113\uri1113.csproj", "{B71CBB84-B8CB-462A-8FB2-7780FD37C837}"
EndProject
Project("{9A19103F-16F7-4668-BE54-9A1E7A4F7556}") = "mediaIdadeWhile", "mediaIdadeWhile\mediaIdadeWhile.csproj", "{D0B8DD3A-BFC7-48BC-BDC6-7FD5EA251CF3}"
EndProject
Project("{9A19103F-16F7-4668-BE54-9A1E7A4F7556}") = "uri1114", "uri1114\uri1114.csproj", "{7F5A70CF-EB54-460E-923B-86EE5F34C763}"
EndProject
Project("{9A19103F-16F7-4668-BE54-9A1E7A4F7556}") = "uri1115", "uri1115\uri1115.csproj", "{77515B5C-8E8A-410B-A054-6A40BDF2C037}"
EndProject
Project("{9A19103F-16F7-4668-BE54-9A1E7A4F7556}") = "uri1117", "uri1117\uri1117.csproj", "{698AA5AF-BAA4-4F0D-B423-6F68E912903A}"
EndProject
Project("{9A19103F-16F7-4668-BE54-9A1E7A4F7556}") = "uri1134", "uri1134\uri1134.csproj", "{BE1CC7AE-BC58-4B1F-8747-2B9720CE5853}"
EndProject
Project("{9A19103F-16F7-4668-BE54-9A1E7A4F7556}") = "uri1154", "uri1154\uri1154.csproj", "{D6FB44DB-6E5A-4EAF-B049-57E33FC4B8F6}"
EndProject
Project("{9A19103F-16F7-4668-BE54-9A1E7A4F7556}") = "uri1159", "uri1159\uri1159.csproj", "{5BEB92AA-87FF-44BA-A8F4-7E6B4AD36E6A}"
EndProject
Project("{9A19103F-16F7-4668-BE54-9A1E7A4F7556}") = "uri1118", "uri1118\uri1118.csproj", "{5B3165E7-4F2A-4DDF-A277-757D8268FA3A}"
EndProject
Project("{9A19103F-16F7-4668-BE54-9A1E7A4F7556}") = "uri1131", "uri1131\uri1131.csproj", "{CBF09074-0B14-4B15-B683-C586F7371E1D}"
EndProject
Project("{9A19103F-16F7-4668-BE54-9A1E7A4F7556}") = "uri1067", "uri1067\uri1067.csproj", "{15F5C42C-C47C-4EC0-8A66-0DADFBCFA779}"
EndProject
Project("{9A19103F-16F7-4668-BE54-9A1E7A4F7556}") = "uri1071", "uri1071\uri1071.csproj", "{742E258C-822E-41CF-9512-9C87EB7441FA}"
EndProject
Project("{9A19103F-16F7-4668-BE54-9A1E7A4F7556}") = "uri1072", "uri1072\uri1072.csproj", "{662484AE-B2A5-496C-B916-E78CFFDC03D5}"
EndProject
Project("{9A19103F-16F7-4668-BE54-9A1E7A4F7556}") = "uri1073", "uri1073\uri1073.csproj", "{51B6E4C7-9CF6-4D37-9CF3-E9B6B50BB405}"
EndProject
Project("{9A19103F-16F7-4668-BE54-9A1E7A4F7556}") = "uri1074", "uri1074\uri1074.csproj", "{ED836749-366A-45A2-B2EB-50251C030015}"
EndProject
Project("{9A19103F-16F7-4668-BE54-9A1E7A4F7556}") = "uri1075", "uri1075\uri1075.csproj", "{265FB306-3ED4-4E63-A76D-6245E52A67B5}"
EndProject
Project("{9A19103F-16F7-4668-BE54-9A1E7A4F7556}") = "uri1079", "uri1079\uri1079.csproj", "{8E4A422C-1AD6-4D48-96BA-1EC19F556D43}"
EndProject
Project("{9A19103F-16F7-4668-BE54-9A1E7A4F7556}") = "uri1080", "uri1080\uri1080.csproj", "{A3AE20D3-4BB6-4150-8485-AEBDCCEABF08}"
EndProject
Project("{9A19103F-16F7-4668-BE54-9A1E7A4F7556}") = "uri1094", "uri1094\uri1094.csproj", "{A0660FF0-4C4A-41F7-BE75-0C04DA240468}"
EndProject
Project("{9A19103F-16F7-4668-BE54-9A1E7A4F7556}") = "uri1096", "uri1096\uri1096.csproj", "{ECD076EC-A63B-4C45-87B1-86717C435489}"
EndProject
Project("{9A19103F-16F7-4668-BE54-9A1E7A4F7556}") = "uri1116", "uri1116\uri1116.csproj", "{D6AA4696-1A6D-42F2-A1DF-4AE62A492198}"
EndProject
Project("{9A19103F-16F7-4668-BE54-9A1E7A4F7556}") = "uri1132", "uri1132\uri1132.csproj", "{E6826575-D87C-48DD-B5C6-8F6D1A7A929B}"
EndProject
Project("{9A19103F-16F7-4668-BE54-9A1E7A4F7556}") = "uri1133", "uri1133\uri1133.csproj", "{D1023AD5-354F-451D-9B27-CF7D72901036}"
EndProject
Project("{9A19103F-16F7-4668-BE54-9A1E7A4F7556}") = "uri1142", "uri1142\uri1142.csproj", "{9D7653E5-9180-45A8-A105-CD1924203F67}"
EndProject
Project("{9A19103F-16F7-4668-BE54-9A1E7A4F7556}") = "uri1143", "uri1143\uri1143.csproj", "{16DF04EF-7C16-4A6C-8741-7239A56146AE}"
EndProject
Project("{9A19103F-16F7-4668-BE54-9A1E7A4F7556}") = "uri1144", "uri1144\uri1144.csproj", "{B2C4EFC4-F76E-49CB-AEA7-588E0F76077C}"
EndProject
Project("{9A19103F-16F7-4668-BE54-9A1E7A4F7556}") = "uri1153", "uri1153\uri1153.csproj", "{326D9118-A52A-4D1A-BF05-8C3A49345235}"
EndProject
Project("{9A19103F-16F7-4668-BE54-9A1E7A4F7556}") = "uri1157", "uri1157\uri1157.csproj", "{6D3F049F-D659-491B-8A80-F3169B11F019}"
EndProject
Project("{9A19103F-16F7-4668-BE54-9A1E7A4F7556}") = "uri1101", "uri1101\uri1101.csproj", "{8FBCEECB-CB2B-4E09-B60F-03C0E834D07E}"
EndProject
Project("{9A19103F-16F7-4668-BE54-9A1E7A4F7556}") = "uri1145", "uri1145\uri1145.csproj", "{82AD5BCB-765F-4560-90BF-BCD14C06FDAD}"
EndProject
Project("{9A19103F-16F7-4668-BE54-9A1E7A4F7556}") = "uri1099", "uri1099\uri1099.csproj", "{39288713-CFD2-4B52-9F1F-BEFF54743C84}"
EndProject
Project("{9A19103F-16F7-4668-BE54-9A1E7A4F7556}") = "uri1158", "uri1158\uri1158.csproj", "{920BB7AE-E6D1-4C4A-8075-CB1B7B3F60CB}"
EndProject
Project("{9A19103F-16F7-4668-BE54-9A1E7A4F7556}") = "uri1160", "uri1160\uri1160.csproj", "{BE02BFFC-B36D-49C5-9F90-854C18E13F33}"
EndProject
Project("{9A19103F-16F7-4668-BE54-9A1E7A4F7556}") = "vetor01", "vetor01\vetor01.csproj", "{1E97F546-6CC3-4494-8350-DA53A38A0A9A}"
EndProject
Project("{9A19103F-16F7-4668-BE54-9A1E7A4F7556}") = "vetor02", "vetor02\vetor02.csproj", "{CB0541A7-83E8-4F77-B5EE-40BEA594D6AC}"
EndProject
Project("{FAE04EC0-301F-11D3-BF4B-00C04F79EFBC}") = "vetor03", "vetor03\vetor03.csproj", "{E29B7F93-3D65-4D69-B03F-5F77AB720F14}"
EndProject
Project("{FAE04EC0-301F-11D3-BF4B-00C04F79EFBC}") = "vetor04", "vetor04\vetor04.csproj", "{DB2B79C3-6947-4FC5-9E9A-BF5490559E3D}"
EndProject
Global
	GlobalSection(SolutionConfigurationPlatforms) = preSolution
		Debug|Any CPU = Debug|Any CPU
		Release|Any CPU = Release|Any CPU
	EndGlobalSection
	GlobalSection(ProjectConfigurationPlatforms) = postSolution
		{428BC1E0-1C14-429B-953E-C218D6537325}.Debug|Any CPU.ActiveCfg = Debug|Any CPU
		{428BC1E0-1C14-429B-953E-C218D6537325}.Debug|Any CPU.Build.0 = Debug|Any CPU
		{428BC1E0-1C14-429B-953E-C218D6537325}.Release|Any CPU.ActiveCfg = Release|Any CPU
		{428BC1E0-1C14-429B-953E-C218D6537325}.Release|Any CPU.Build.0 = Release|Any CPU
		{D294D3D2-F936-4FBD-9F35-5221BE3DF21A}.Debug|Any CPU.ActiveCfg = Debug|Any CPU
		{D294D3D2-F936-4FBD-9F35-5221BE3DF21A}.Debug|Any CPU.Build.0 = Debug|Any CPU
		{D294D3D2-F936-4FBD-9F35-5221BE3DF21A}.Release|Any CPU.ActiveCfg = Release|Any CPU
		{D294D3D2-F936-4FBD-9F35-5221BE3DF21A}.Release|Any CPU.Build.0 = Release|Any CPU
		{9C3E0096-194C-4A02-9AEF-C32B97B990CA}.Debug|Any CPU.ActiveCfg = Debug|Any CPU
		{9C3E0096-194C-4A02-9AEF-C32B97B990CA}.Debug|Any CPU.Build.0 = Debug|Any CPU
		{9C3E0096-194C-4A02-9AEF-C32B97B990CA}.Release|Any CPU.ActiveCfg = Release|Any CPU
		{9C3E0096-194C-4A02-9AEF-C32B97B990CA}.Release|Any CPU.Build.0 = Release|Any CPU
		{F6ED8FCD-2677-4E18-A74A-DE419415221D}.Debug|Any CPU.ActiveCfg = Debug|Any CPU
		{F6ED8FCD-2677-4E18-A74A-DE419415221D}.Debug|Any CPU.Build.0 = Debug|Any CPU
		{F6ED8FCD-2677-4E18-A74A-DE419415221D}.Release|Any CPU.ActiveCfg = Release|Any CPU
		{F6ED8FCD-2677-4E18-A74A-DE419415221D}.Release|Any CPU.Build.0 = Release|Any CPU
		{2C657A0C-C3CD-475B-84D9-C5009EA6C639}.Debug|Any CPU.ActiveCfg = Debug|Any CPU
		{2C657A0C-C3CD-475B-84D9-C5009EA6C639}.Debug|Any CPU.Build.0 = Debug|Any CPU
		{2C657A0C-C3CD-475B-84D9-C5009EA6C639}.Release|Any CPU.ActiveCfg = Release|Any CPU
		{2C657A0C-C3CD-475B-84D9-C5009EA6C639}.Release|Any CPU.Build.0 = Release|Any CPU
		{D020E257-2E9E-49BC-99F2-39770E3071C9}.Debug|Any CPU.ActiveCfg = Debug|Any CPU
		{D020E257-2E9E-49BC-99F2-39770E3071C9}.Debug|Any CPU.Build.0 = Debug|Any CPU
		{D020E257-2E9E-49BC-99F2-39770E3071C9}.Release|Any CPU.ActiveCfg = Release|Any CPU
		{D020E257-2E9E-49BC-99F2-39770E3071C9}.Release|Any CPU.Build.0 = Release|Any CPU
		{4739539F-B050-43E9-B000-C8EC2AE913FE}.Debug|Any CPU.ActiveCfg = Debug|Any CPU
		{4739539F-B050-43E9-B000-C8EC2AE913FE}.Debug|Any CPU.Build.0 = Debug|Any CPU
		{4739539F-B050-43E9-B000-C8EC2AE913FE}.Release|Any CPU.ActiveCfg = Release|Any CPU
		{4739539F-B050-43E9-B000-C8EC2AE913FE}.Release|Any CPU.Build.0 = Release|Any CPU
		{7CBED9AB-D34F-4014-B914-FBD731FEEAE9}.Debug|Any CPU.ActiveCfg = Debug|Any CPU
		{7CBED9AB-D34F-4014-B914-FBD731FEEAE9}.Debug|Any CPU.Build.0 = Debug|Any CPU
		{7CBED9AB-D34F-4014-B914-FBD731FEEAE9}.Release|Any CPU.ActiveCfg = Release|Any CPU
		{7CBED9AB-D34F-4014-B914-FBD731FEEAE9}.Release|Any CPU.Build.0 = Release|Any CPU
		{C0163B7A-6D30-46AE-BF75-765EEB15D477}.Debug|Any CPU.ActiveCfg = Debug|Any CPU
		{C0163B7A-6D30-46AE-BF75-765EEB15D477}.Debug|Any CPU.Build.0 = Debug|Any CPU
		{C0163B7A-6D30-46AE-BF75-765EEB15D477}.Release|Any CPU.ActiveCfg = Release|Any CPU
		{C0163B7A-6D30-46AE-BF75-765EEB15D477}.Release|Any CPU.Build.0 = Release|Any CPU
		{6F4B63FE-FE33-4443-9335-CFD9735430B7}.Debug|Any CPU.ActiveCfg = Debug|Any CPU
		{6F4B63FE-FE33-4443-9335-CFD9735430B7}.Debug|Any CPU.Build.0 = Debug|Any CPU
		{6F4B63FE-FE33-4443-9335-CFD9735430B7}.Release|Any CPU.ActiveCfg = Release|Any CPU
		{6F4B63FE-FE33-4443-9335-CFD9735430B7}.Release|Any CPU.Build.0 = Release|Any CPU
		{512FFBA5-A521-451A-BB3D-6858B38E8442}.Debug|Any CPU.ActiveCfg = Debug|Any CPU
		{512FFBA5-A521-451A-BB3D-6858B38E8442}.Debug|Any CPU.Build.0 = Debug|Any CPU
		{512FFBA5-A521-451A-BB3D-6858B38E8442}.Release|Any CPU.ActiveCfg = Release|Any CPU
		{512FFBA5-A521-451A-BB3D-6858B38E8442}.Release|Any CPU.Build.0 = Release|Any CPU
		{2003C358-975A-47C7-8469-F7437310821B}.Debug|Any CPU.ActiveCfg = Debug|Any CPU
		{2003C358-975A-47C7-8469-F7437310821B}.Debug|Any CPU.Build.0 = Debug|Any CPU
		{2003C358-975A-47C7-8469-F7437310821B}.Release|Any CPU.ActiveCfg = Release|Any CPU
		{2003C358-975A-47C7-8469-F7437310821B}.Release|Any CPU.Build.0 = Release|Any CPU
		{EE6DFB28-8D3E-469A-9C49-66E136B3C05A}.Debug|Any CPU.ActiveCfg = Debug|Any CPU
		{EE6DFB28-8D3E-469A-9C49-66E136B3C05A}.Debug|Any CPU.Build.0 = Debug|Any CPU
		{EE6DFB28-8D3E-469A-9C49-66E136B3C05A}.Release|Any CPU.ActiveCfg = Release|Any CPU
		{EE6DFB28-8D3E-469A-9C49-66E136B3C05A}.Release|Any CPU.Build.0 = Release|Any CPU
		{870496AD-81A2-4F19-B17A-475C869A7CB6}.Debug|Any CPU.ActiveCfg = Debug|Any CPU
		{870496AD-81A2-4F19-B17A-475C869A7CB6}.Debug|Any CPU.Build.0 = Debug|Any CPU
		{870496AD-81A2-4F19-B17A-475C869A7CB6}.Release|Any CPU.ActiveCfg = Release|Any CPU
		{870496AD-81A2-4F19-B17A-475C869A7CB6}.Release|Any CPU.Build.0 = Release|Any CPU
		{735B572B-853E-4BA5-88F7-D6D742BA34CD}.Debug|Any CPU.ActiveCfg = Debug|Any CPU
		{735B572B-853E-4BA5-88F7-D6D742BA34CD}.Debug|Any CPU.Build.0 = Debug|Any CPU
		{735B572B-853E-4BA5-88F7-D6D742BA34CD}.Release|Any CPU.ActiveCfg = Release|Any CPU
		{735B572B-853E-4BA5-88F7-D6D742BA34CD}.Release|Any CPU.Build.0 = Release|Any CPU
		{9B082238-2831-4303-A819-10DD9EAC2F4D}.Debug|Any CPU.ActiveCfg = Debug|Any CPU
		{9B082238-2831-4303-A819-10DD9EAC2F4D}.Debug|Any CPU.Build.0 = Debug|Any CPU
		{9B082238-2831-4303-A819-10DD9EAC2F4D}.Release|Any CPU.ActiveCfg = Release|Any CPU
		{9B082238-2831-4303-A819-10DD9EAC2F4D}.Release|Any CPU.Build.0 = Release|Any CPU
		{E22374C1-7D62-4DB0-A435-26205ABB4F5F}.Debug|Any CPU.ActiveCfg = Debug|Any CPU
		{E22374C1-7D62-4DB0-A435-26205ABB4F5F}.Debug|Any CPU.Build.0 = Debug|Any CPU
		{E22374C1-7D62-4DB0-A435-26205ABB4F5F}.Release|Any CPU.ActiveCfg = Release|Any CPU
		{E22374C1-7D62-4DB0-A435-26205ABB4F5F}.Release|Any CPU.Build.0 = Release|Any CPU
		{0E07D62D-CAA6-45D0-ADAA-73870A67C0FC}.Debug|Any CPU.ActiveCfg = Debug|Any CPU
		{0E07D62D-CAA6-45D0-ADAA-73870A67C0FC}.Debug|Any CPU.Build.0 = Debug|Any CPU
		{0E07D62D-CAA6-45D0-ADAA-73870A67C0FC}.Release|Any CPU.ActiveCfg = Release|Any CPU
		{0E07D62D-CAA6-45D0-ADAA-73870A67C0FC}.Release|Any CPU.Build.0 = Release|Any CPU
		{7197D5FB-C799-41B3-8A87-C4CA58A68DC8}.Debug|Any CPU.ActiveCfg = Debug|Any CPU
		{7197D5FB-C799-41B3-8A87-C4CA58A68DC8}.Debug|Any CPU.Build.0 = Debug|Any CPU
		{7197D5FB-C799-41B3-8A87-C4CA58A68DC8}.Release|Any CPU.ActiveCfg = Release|Any CPU
		{7197D5FB-C799-41B3-8A87-C4CA58A68DC8}.Release|Any CPU.Build.0 = Release|Any CPU
		{19484898-4023-48DC-9C53-320A3616F937}.Debug|Any CPU.ActiveCfg = Debug|Any CPU
		{19484898-4023-48DC-9C53-320A3616F937}.Debug|Any CPU.Build.0 = Debug|Any CPU
		{19484898-4023-48DC-9C53-320A3616F937}.Release|Any CPU.ActiveCfg = Release|Any CPU
		{19484898-4023-48DC-9C53-320A3616F937}.Release|Any CPU.Build.0 = Release|Any CPU
		{B4F75AC1-5DD3-4E81-8AFE-2F739749939A}.Debug|Any CPU.ActiveCfg = Debug|Any CPU
		{B4F75AC1-5DD3-4E81-8AFE-2F739749939A}.Debug|Any CPU.Build.0 = Debug|Any CPU
		{B4F75AC1-5DD3-4E81-8AFE-2F739749939A}.Release|Any CPU.ActiveCfg = Release|Any CPU
		{B4F75AC1-5DD3-4E81-8AFE-2F739749939A}.Release|Any CPU.Build.0 = Release|Any CPU
		{A1093CAC-EA30-40B8-BA0E-B561169F0A72}.Debug|Any CPU.ActiveCfg = Debug|Any CPU
		{A1093CAC-EA30-40B8-BA0E-B561169F0A72}.Debug|Any CPU.Build.0 = Debug|Any CPU
		{A1093CAC-EA30-40B8-BA0E-B561169F0A72}.Release|Any CPU.ActiveCfg = Release|Any CPU
		{A1093CAC-EA30-40B8-BA0E-B561169F0A72}.Release|Any CPU.Build.0 = Release|Any CPU
		{190FBF4A-6C1C-43A7-B062-04432AAC36B9}.Debug|Any CPU.ActiveCfg = Debug|Any CPU
		{190FBF4A-6C1C-43A7-B062-04432AAC36B9}.Debug|Any CPU.Build.0 = Debug|Any CPU
		{190FBF4A-6C1C-43A7-B062-04432AAC36B9}.Release|Any CPU.ActiveCfg = Release|Any CPU
		{190FBF4A-6C1C-43A7-B062-04432AAC36B9}.Release|Any CPU.Build.0 = Release|Any CPU
		{1D49AFF8-C1CC-4B07-91EF-BE98B7964749}.Debug|Any CPU.ActiveCfg = Debug|Any CPU
		{1D49AFF8-C1CC-4B07-91EF-BE98B7964749}.Debug|Any CPU.Build.0 = Debug|Any CPU
		{1D49AFF8-C1CC-4B07-91EF-BE98B7964749}.Release|Any CPU.ActiveCfg = Release|Any CPU
		{1D49AFF8-C1CC-4B07-91EF-BE98B7964749}.Release|Any CPU.Build.0 = Release|Any CPU
		{4F83C0B7-FE85-4179-9A4A-FA67BC5DC99C}.Debug|Any CPU.ActiveCfg = Debug|Any CPU
		{4F83C0B7-FE85-4179-9A4A-FA67BC5DC99C}.Debug|Any CPU.Build.0 = Debug|Any CPU
		{4F83C0B7-FE85-4179-9A4A-FA67BC5DC99C}.Release|Any CPU.ActiveCfg = Release|Any CPU
		{4F83C0B7-FE85-4179-9A4A-FA67BC5DC99C}.Release|Any CPU.Build.0 = Release|Any CPU
		{947E63C5-5C84-4553-96E6-34AC81C5689A}.Debug|Any CPU.ActiveCfg = Debug|Any CPU
		{947E63C5-5C84-4553-96E6-34AC81C5689A}.Debug|Any CPU.Build.0 = Debug|Any CPU
		{947E63C5-5C84-4553-96E6-34AC81C5689A}.Release|Any CPU.ActiveCfg = Release|Any CPU
		{947E63C5-5C84-4553-96E6-34AC81C5689A}.Release|Any CPU.Build.0 = Release|Any CPU
		{7A30390C-D165-4259-B59A-62613054108B}.Debug|Any CPU.ActiveCfg = Debug|Any CPU
		{7A30390C-D165-4259-B59A-62613054108B}.Debug|Any CPU.Build.0 = Debug|Any CPU
		{7A30390C-D165-4259-B59A-62613054108B}.Release|Any CPU.ActiveCfg = Release|Any CPU
		{7A30390C-D165-4259-B59A-62613054108B}.Release|Any CPU.Build.0 = Release|Any CPU
		{C2BB45F5-1FC7-49DD-BA4C-F4B7AB4995FD}.Debug|Any CPU.ActiveCfg = Debug|Any CPU
		{C2BB45F5-1FC7-49DD-BA4C-F4B7AB4995FD}.Debug|Any CPU.Build.0 = Debug|Any CPU
		{C2BB45F5-1FC7-49DD-BA4C-F4B7AB4995FD}.Release|Any CPU.ActiveCfg = Release|Any CPU
		{C2BB45F5-1FC7-49DD-BA4C-F4B7AB4995FD}.Release|Any CPU.Build.0 = Release|Any CPU
		{E1ECD6EE-2AF7-4452-A2E9-7F1BA5239CD3}.Debug|Any CPU.ActiveCfg = Debug|Any CPU
		{E1ECD6EE-2AF7-4452-A2E9-7F1BA5239CD3}.Debug|Any CPU.Build.0 = Debug|Any CPU
		{E1ECD6EE-2AF7-4452-A2E9-7F1BA5239CD3}.Release|Any CPU.ActiveCfg = Release|Any CPU
		{E1ECD6EE-2AF7-4452-A2E9-7F1BA5239CD3}.Release|Any CPU.Build.0 = Release|Any CPU
		{2039B529-9EFF-47CC-9DCA-7A51E5364B44}.Debug|Any CPU.ActiveCfg = Debug|Any CPU
		{2039B529-9EFF-47CC-9DCA-7A51E5364B44}.Debug|Any CPU.Build.0 = Debug|Any CPU
		{2039B529-9EFF-47CC-9DCA-7A51E5364B44}.Release|Any CPU.ActiveCfg = Release|Any CPU
		{2039B529-9EFF-47CC-9DCA-7A51E5364B44}.Release|Any CPU.Build.0 = Release|Any CPU
		{3DED792E-D6A2-44FF-9577-F8220EB3E68C}.Debug|Any CPU.ActiveCfg = Debug|Any CPU
		{3DED792E-D6A2-44FF-9577-F8220EB3E68C}.Debug|Any CPU.Build.0 = Debug|Any CPU
		{3DED792E-D6A2-44FF-9577-F8220EB3E68C}.Release|Any CPU.ActiveCfg = Release|Any CPU
		{3DED792E-D6A2-44FF-9577-F8220EB3E68C}.Release|Any CPU.Build.0 = Release|Any CPU
		{C337071A-38CB-4838-9541-B019627E03E9}.Debug|Any CPU.ActiveCfg = Debug|Any CPU
		{C337071A-38CB-4838-9541-B019627E03E9}.Debug|Any CPU.Build.0 = Debug|Any CPU
		{C337071A-38CB-4838-9541-B019627E03E9}.Release|Any CPU.ActiveCfg = Release|Any CPU
		{C337071A-38CB-4838-9541-B019627E03E9}.Release|Any CPU.Build.0 = Release|Any CPU
		{F90F7253-A5A3-454C-8BC5-25D9C8945B1F}.Debug|Any CPU.ActiveCfg = Debug|Any CPU
		{F90F7253-A5A3-454C-8BC5-25D9C8945B1F}.Debug|Any CPU.Build.0 = Debug|Any CPU
		{F90F7253-A5A3-454C-8BC5-25D9C8945B1F}.Release|Any CPU.ActiveCfg = Release|Any CPU
		{F90F7253-A5A3-454C-8BC5-25D9C8945B1F}.Release|Any CPU.Build.0 = Release|Any CPU
		{FF5CC7D9-D683-4875-AA33-A428C615CE2B}.Debug|Any CPU.ActiveCfg = Debug|Any CPU
		{FF5CC7D9-D683-4875-AA33-A428C615CE2B}.Debug|Any CPU.Build.0 = Debug|Any CPU
		{FF5CC7D9-D683-4875-AA33-A428C615CE2B}.Release|Any CPU.ActiveCfg = Release|Any CPU
		{FF5CC7D9-D683-4875-AA33-A428C615CE2B}.Release|Any CPU.Build.0 = Release|Any CPU
		{87C6E647-336E-44D8-A307-1D24F4D8F186}.Debug|Any CPU.ActiveCfg = Debug|Any CPU
		{87C6E647-336E-44D8-A307-1D24F4D8F186}.Debug|Any CPU.Build.0 = Debug|Any CPU
		{87C6E647-336E-44D8-A307-1D24F4D8F186}.Release|Any CPU.ActiveCfg = Release|Any CPU
		{87C6E647-336E-44D8-A307-1D24F4D8F186}.Release|Any CPU.Build.0 = Release|Any CPU
		{0CE1CF01-CB0C-47A1-B44B-076B1ECB2C1E}.Debug|Any CPU.ActiveCfg = Debug|Any CPU
		{0CE1CF01-CB0C-47A1-B44B-076B1ECB2C1E}.Debug|Any CPU.Build.0 = Debug|Any CPU
		{0CE1CF01-CB0C-47A1-B44B-076B1ECB2C1E}.Release|Any CPU.ActiveCfg = Release|Any CPU
		{0CE1CF01-CB0C-47A1-B44B-076B1ECB2C1E}.Release|Any CPU.Build.0 = Release|Any CPU
		{1461647E-4FA7-469B-8F19-CAA5A7557DC6}.Debug|Any CPU.ActiveCfg = Debug|Any CPU
		{1461647E-4FA7-469B-8F19-CAA5A7557DC6}.Debug|Any CPU.Build.0 = Debug|Any CPU
		{1461647E-4FA7-469B-8F19-CAA5A7557DC6}.Release|Any CPU.ActiveCfg = Release|Any CPU
		{1461647E-4FA7-469B-8F19-CAA5A7557DC6}.Release|Any CPU.Build.0 = Release|Any CPU
		{56A43A55-53E5-416F-9D73-27F93E32851E}.Debug|Any CPU.ActiveCfg = Debug|Any CPU
		{56A43A55-53E5-416F-9D73-27F93E32851E}.Debug|Any CPU.Build.0 = Debug|Any CPU
		{56A43A55-53E5-416F-9D73-27F93E32851E}.Release|Any CPU.ActiveCfg = Release|Any CPU
		{56A43A55-53E5-416F-9D73-27F93E32851E}.Release|Any CPU.Build.0 = Release|Any CPU
		{1589B389-00D9-45B2-9C46-FBEB990AFDF4}.Debug|Any CPU.ActiveCfg = Debug|Any CPU
		{1589B389-00D9-45B2-9C46-FBEB990AFDF4}.Debug|Any CPU.Build.0 = Debug|Any CPU
		{1589B389-00D9-45B2-9C46-FBEB990AFDF4}.Release|Any CPU.ActiveCfg = Release|Any CPU
		{1589B389-00D9-45B2-9C46-FBEB990AFDF4}.Release|Any CPU.Build.0 = Release|Any CPU
		{3F304A7B-8C49-472E-AA7A-689AEA493875}.Debug|Any CPU.ActiveCfg = Debug|Any CPU
		{3F304A7B-8C49-472E-AA7A-689AEA493875}.Debug|Any CPU.Build.0 = Debug|Any CPU
		{3F304A7B-8C49-472E-AA7A-689AEA493875}.Release|Any CPU.ActiveCfg = Release|Any CPU
		{3F304A7B-8C49-472E-AA7A-689AEA493875}.Release|Any CPU.Build.0 = Release|Any CPU
		{FD2087C6-4136-4CD5-BBF2-CBCC662FF841}.Debug|Any CPU.ActiveCfg = Debug|Any CPU
		{FD2087C6-4136-4CD5-BBF2-CBCC662FF841}.Debug|Any CPU.Build.0 = Debug|Any CPU
		{FD2087C6-4136-4CD5-BBF2-CBCC662FF841}.Release|Any CPU.ActiveCfg = Release|Any CPU
		{FD2087C6-4136-4CD5-BBF2-CBCC662FF841}.Release|Any CPU.Build.0 = Release|Any CPU
		{8138E5DA-AA28-4ADE-A033-B7ED3CB08F08}.Debug|Any CPU.ActiveCfg = Debug|Any CPU
		{8138E5DA-AA28-4ADE-A033-B7ED3CB08F08}.Debug|Any CPU.Build.0 = Debug|Any CPU
		{8138E5DA-AA28-4ADE-A033-B7ED3CB08F08}.Release|Any CPU.ActiveCfg = Release|Any CPU
		{8138E5DA-AA28-4ADE-A033-B7ED3CB08F08}.Release|Any CPU.Build.0 = Release|Any CPU
		{700A8366-48A5-464F-8671-7FE44813245C}.Debug|Any CPU.ActiveCfg = Debug|Any CPU
		{700A8366-48A5-464F-8671-7FE44813245C}.Debug|Any CPU.Build.0 = Debug|Any CPU
		{700A8366-48A5-464F-8671-7FE44813245C}.Release|Any CPU.ActiveCfg = Release|Any CPU
		{700A8366-48A5-464F-8671-7FE44813245C}.Release|Any CPU.Build.0 = Release|Any CPU
		{3AAB304F-7601-4D4D-9371-9BDA503DD0B8}.Debug|Any CPU.ActiveCfg = Debug|Any CPU
		{3AAB304F-7601-4D4D-9371-9BDA503DD0B8}.Debug|Any CPU.Build.0 = Debug|Any CPU
		{3AAB304F-7601-4D4D-9371-9BDA503DD0B8}.Release|Any CPU.ActiveCfg = Release|Any CPU
		{3AAB304F-7601-4D4D-9371-9BDA503DD0B8}.Release|Any CPU.Build.0 = Release|Any CPU
		{B71CBB84-B8CB-462A-8FB2-7780FD37C837}.Debug|Any CPU.ActiveCfg = Debug|Any CPU
		{B71CBB84-B8CB-462A-8FB2-7780FD37C837}.Debug|Any CPU.Build.0 = Debug|Any CPU
		{B71CBB84-B8CB-462A-8FB2-7780FD37C837}.Release|Any CPU.ActiveCfg = Release|Any CPU
		{B71CBB84-B8CB-462A-8FB2-7780FD37C837}.Release|Any CPU.Build.0 = Release|Any CPU
		{D0B8DD3A-BFC7-48BC-BDC6-7FD5EA251CF3}.Debug|Any CPU.ActiveCfg = Debug|Any CPU
		{D0B8DD3A-BFC7-48BC-BDC6-7FD5EA251CF3}.Debug|Any CPU.Build.0 = Debug|Any CPU
		{D0B8DD3A-BFC7-48BC-BDC6-7FD5EA251CF3}.Release|Any CPU.ActiveCfg = Release|Any CPU
		{D0B8DD3A-BFC7-48BC-BDC6-7FD5EA251CF3}.Release|Any CPU.Build.0 = Release|Any CPU
		{7F5A70CF-EB54-460E-923B-86EE5F34C763}.Debug|Any CPU.ActiveCfg = Debug|Any CPU
		{7F5A70CF-EB54-460E-923B-86EE5F34C763}.Debug|Any CPU.Build.0 = Debug|Any CPU
		{7F5A70CF-EB54-460E-923B-86EE5F34C763}.Release|Any CPU.ActiveCfg = Release|Any CPU
		{7F5A70CF-EB54-460E-923B-86EE5F34C763}.Release|Any CPU.Build.0 = Release|Any CPU
		{77515B5C-8E8A-410B-A054-6A40BDF2C037}.Debug|Any CPU.ActiveCfg = Debug|Any CPU
		{77515B5C-8E8A-410B-A054-6A40BDF2C037}.Debug|Any CPU.Build.0 = Debug|Any CPU
		{77515B5C-8E8A-410B-A054-6A40BDF2C037}.Release|Any CPU.ActiveCfg = Release|Any CPU
		{77515B5C-8E8A-410B-A054-6A40BDF2C037}.Release|Any CPU.Build.0 = Release|Any CPU
		{698AA5AF-BAA4-4F0D-B423-6F68E912903A}.Debug|Any CPU.ActiveCfg = Debug|Any CPU
		{698AA5AF-BAA4-4F0D-B423-6F68E912903A}.Debug|Any CPU.Build.0 = Debug|Any CPU
		{698AA5AF-BAA4-4F0D-B423-6F68E912903A}.Release|Any CPU.ActiveCfg = Release|Any CPU
		{698AA5AF-BAA4-4F0D-B423-6F68E912903A}.Release|Any CPU.Build.0 = Release|Any CPU
		{BE1CC7AE-BC58-4B1F-8747-2B9720CE5853}.Debug|Any CPU.ActiveCfg = Debug|Any CPU
		{BE1CC7AE-BC58-4B1F-8747-2B9720CE5853}.Debug|Any CPU.Build.0 = Debug|Any CPU
		{BE1CC7AE-BC58-4B1F-8747-2B9720CE5853}.Release|Any CPU.ActiveCfg = Release|Any CPU
		{BE1CC7AE-BC58-4B1F-8747-2B9720CE5853}.Release|Any CPU.Build.0 = Release|Any CPU
		{D6FB44DB-6E5A-4EAF-B049-57E33FC4B8F6}.Debug|Any CPU.ActiveCfg = Debug|Any CPU
		{D6FB44DB-6E5A-4EAF-B049-57E33FC4B8F6}.Debug|Any CPU.Build.0 = Debug|Any CPU
		{D6FB44DB-6E5A-4EAF-B049-57E33FC4B8F6}.Release|Any CPU.ActiveCfg = Release|Any CPU
		{D6FB44DB-6E5A-4EAF-B049-57E33FC4B8F6}.Release|Any CPU.Build.0 = Release|Any CPU
		{5BEB92AA-87FF-44BA-A8F4-7E6B4AD36E6A}.Debug|Any CPU.ActiveCfg = Debug|Any CPU
		{5BEB92AA-87FF-44BA-A8F4-7E6B4AD36E6A}.Debug|Any CPU.Build.0 = Debug|Any CPU
		{5BEB92AA-87FF-44BA-A8F4-7E6B4AD36E6A}.Release|Any CPU.ActiveCfg = Release|Any CPU
		{5BEB92AA-87FF-44BA-A8F4-7E6B4AD36E6A}.Release|Any CPU.Build.0 = Release|Any CPU
		{5B3165E7-4F2A-4DDF-A277-757D8268FA3A}.Debug|Any CPU.ActiveCfg = Debug|Any CPU
		{5B3165E7-4F2A-4DDF-A277-757D8268FA3A}.Debug|Any CPU.Build.0 = Debug|Any CPU
		{5B3165E7-4F2A-4DDF-A277-757D8268FA3A}.Release|Any CPU.ActiveCfg = Release|Any CPU
		{5B3165E7-4F2A-4DDF-A277-757D8268FA3A}.Release|Any CPU.Build.0 = Release|Any CPU
		{CBF09074-0B14-4B15-B683-C586F7371E1D}.Debug|Any CPU.ActiveCfg = Debug|Any CPU
		{CBF09074-0B14-4B15-B683-C586F7371E1D}.Debug|Any CPU.Build.0 = Debug|Any CPU
		{CBF09074-0B14-4B15-B683-C586F7371E1D}.Release|Any CPU.ActiveCfg = Release|Any CPU
		{CBF09074-0B14-4B15-B683-C586F7371E1D}.Release|Any CPU.Build.0 = Release|Any CPU
		{15F5C42C-C47C-4EC0-8A66-0DADFBCFA779}.Debug|Any CPU.ActiveCfg = Debug|Any CPU
		{15F5C42C-C47C-4EC0-8A66-0DADFBCFA779}.Debug|Any CPU.Build.0 = Debug|Any CPU
		{15F5C42C-C47C-4EC0-8A66-0DADFBCFA779}.Release|Any CPU.ActiveCfg = Release|Any CPU
		{15F5C42C-C47C-4EC0-8A66-0DADFBCFA779}.Release|Any CPU.Build.0 = Release|Any CPU
		{742E258C-822E-41CF-9512-9C87EB7441FA}.Debug|Any CPU.ActiveCfg = Debug|Any CPU
		{742E258C-822E-41CF-9512-9C87EB7441FA}.Debug|Any CPU.Build.0 = Debug|Any CPU
		{742E258C-822E-41CF-9512-9C87EB7441FA}.Release|Any CPU.ActiveCfg = Release|Any CPU
		{742E258C-822E-41CF-9512-9C87EB7441FA}.Release|Any CPU.Build.0 = Release|Any CPU
		{662484AE-B2A5-496C-B916-E78CFFDC03D5}.Debug|Any CPU.ActiveCfg = Debug|Any CPU
		{662484AE-B2A5-496C-B916-E78CFFDC03D5}.Debug|Any CPU.Build.0 = Debug|Any CPU
		{662484AE-B2A5-496C-B916-E78CFFDC03D5}.Release|Any CPU.ActiveCfg = Release|Any CPU
		{662484AE-B2A5-496C-B916-E78CFFDC03D5}.Release|Any CPU.Build.0 = Release|Any CPU
		{51B6E4C7-9CF6-4D37-9CF3-E9B6B50BB405}.Debug|Any CPU.ActiveCfg = Debug|Any CPU
		{51B6E4C7-9CF6-4D37-9CF3-E9B6B50BB405}.Debug|Any CPU.Build.0 = Debug|Any CPU
		{51B6E4C7-9CF6-4D37-9CF3-E9B6B50BB405}.Release|Any CPU.ActiveCfg = Release|Any CPU
		{51B6E4C7-9CF6-4D37-9CF3-E9B6B50BB405}.Release|Any CPU.Build.0 = Release|Any CPU
		{ED836749-366A-45A2-B2EB-50251C030015}.Debug|Any CPU.ActiveCfg = Debug|Any CPU
		{ED836749-366A-45A2-B2EB-50251C030015}.Debug|Any CPU.Build.0 = Debug|Any CPU
		{ED836749-366A-45A2-B2EB-50251C030015}.Release|Any CPU.ActiveCfg = Release|Any CPU
		{ED836749-366A-45A2-B2EB-50251C030015}.Release|Any CPU.Build.0 = Release|Any CPU
		{265FB306-3ED4-4E63-A76D-6245E52A67B5}.Debug|Any CPU.ActiveCfg = Debug|Any CPU
		{265FB306-3ED4-4E63-A76D-6245E52A67B5}.Debug|Any CPU.Build.0 = Debug|Any CPU
		{265FB306-3ED4-4E63-A76D-6245E52A67B5}.Release|Any CPU.ActiveCfg = Release|Any CPU
		{265FB306-3ED4-4E63-A76D-6245E52A67B5}.Release|Any CPU.Build.0 = Release|Any CPU
		{8E4A422C-1AD6-4D48-96BA-1EC19F556D43}.Debug|Any CPU.ActiveCfg = Debug|Any CPU
		{8E4A422C-1AD6-4D48-96BA-1EC19F556D43}.Debug|Any CPU.Build.0 = Debug|Any CPU
		{8E4A422C-1AD6-4D48-96BA-1EC19F556D43}.Release|Any CPU.ActiveCfg = Release|Any CPU
		{8E4A422C-1AD6-4D48-96BA-1EC19F556D43}.Release|Any CPU.Build.0 = Release|Any CPU
		{A3AE20D3-4BB6-4150-8485-AEBDCCEABF08}.Debug|Any CPU.ActiveCfg = Debug|Any CPU
		{A3AE20D3-4BB6-4150-8485-AEBDCCEABF08}.Debug|Any CPU.Build.0 = Debug|Any CPU
		{A3AE20D3-4BB6-4150-8485-AEBDCCEABF08}.Release|Any CPU.ActiveCfg = Release|Any CPU
		{A3AE20D3-4BB6-4150-8485-AEBDCCEABF08}.Release|Any CPU.Build.0 = Release|Any CPU
		{A0660FF0-4C4A-41F7-BE75-0C04DA240468}.Debug|Any CPU.ActiveCfg = Debug|Any CPU
		{A0660FF0-4C4A-41F7-BE75-0C04DA240468}.Debug|Any CPU.Build.0 = Debug|Any CPU
		{A0660FF0-4C4A-41F7-BE75-0C04DA240468}.Release|Any CPU.ActiveCfg = Release|Any CPU
		{A0660FF0-4C4A-41F7-BE75-0C04DA240468}.Release|Any CPU.Build.0 = Release|Any CPU
		{ECD076EC-A63B-4C45-87B1-86717C435489}.Debug|Any CPU.ActiveCfg = Debug|Any CPU
		{ECD076EC-A63B-4C45-87B1-86717C435489}.Debug|Any CPU.Build.0 = Debug|Any CPU
		{ECD076EC-A63B-4C45-87B1-86717C435489}.Release|Any CPU.ActiveCfg = Release|Any CPU
		{ECD076EC-A63B-4C45-87B1-86717C435489}.Release|Any CPU.Build.0 = Release|Any CPU
		{D6AA4696-1A6D-42F2-A1DF-4AE62A492198}.Debug|Any CPU.ActiveCfg = Debug|Any CPU
		{D6AA4696-1A6D-42F2-A1DF-4AE62A492198}.Debug|Any CPU.Build.0 = Debug|Any CPU
		{D6AA4696-1A6D-42F2-A1DF-4AE62A492198}.Release|Any CPU.ActiveCfg = Release|Any CPU
		{D6AA4696-1A6D-42F2-A1DF-4AE62A492198}.Release|Any CPU.Build.0 = Release|Any CPU
		{E6826575-D87C-48DD-B5C6-8F6D1A7A929B}.Debug|Any CPU.ActiveCfg = Debug|Any CPU
		{E6826575-D87C-48DD-B5C6-8F6D1A7A929B}.Debug|Any CPU.Build.0 = Debug|Any CPU
		{E6826575-D87C-48DD-B5C6-8F6D1A7A929B}.Release|Any CPU.ActiveCfg = Release|Any CPU
		{E6826575-D87C-48DD-B5C6-8F6D1A7A929B}.Release|Any CPU.Build.0 = Release|Any CPU
		{D1023AD5-354F-451D-9B27-CF7D72901036}.Debug|Any CPU.ActiveCfg = Debug|Any CPU
		{D1023AD5-354F-451D-9B27-CF7D72901036}.Debug|Any CPU.Build.0 = Debug|Any CPU
		{D1023AD5-354F-451D-9B27-CF7D72901036}.Release|Any CPU.ActiveCfg = Release|Any CPU
		{D1023AD5-354F-451D-9B27-CF7D72901036}.Release|Any CPU.Build.0 = Release|Any CPU
		{9D7653E5-9180-45A8-A105-CD1924203F67}.Debug|Any CPU.ActiveCfg = Debug|Any CPU
		{9D7653E5-9180-45A8-A105-CD1924203F67}.Debug|Any CPU.Build.0 = Debug|Any CPU
		{9D7653E5-9180-45A8-A105-CD1924203F67}.Release|Any CPU.ActiveCfg = Release|Any CPU
		{9D7653E5-9180-45A8-A105-CD1924203F67}.Release|Any CPU.Build.0 = Release|Any CPU
		{16DF04EF-7C16-4A6C-8741-7239A56146AE}.Debug|Any CPU.ActiveCfg = Debug|Any CPU
		{16DF04EF-7C16-4A6C-8741-7239A56146AE}.Debug|Any CPU.Build.0 = Debug|Any CPU
		{16DF04EF-7C16-4A6C-8741-7239A56146AE}.Release|Any CPU.ActiveCfg = Release|Any CPU
		{16DF04EF-7C16-4A6C-8741-7239A56146AE}.Release|Any CPU.Build.0 = Release|Any CPU
		{B2C4EFC4-F76E-49CB-AEA7-588E0F76077C}.Debug|Any CPU.ActiveCfg = Debug|Any CPU
		{B2C4EFC4-F76E-49CB-AEA7-588E0F76077C}.Debug|Any CPU.Build.0 = Debug|Any CPU
		{B2C4EFC4-F76E-49CB-AEA7-588E0F76077C}.Release|Any CPU.ActiveCfg = Release|Any CPU
		{B2C4EFC4-F76E-49CB-AEA7-588E0F76077C}.Release|Any CPU.Build.0 = Release|Any CPU
		{326D9118-A52A-4D1A-BF05-8C3A49345235}.Debug|Any CPU.ActiveCfg = Debug|Any CPU
		{326D9118-A52A-4D1A-BF05-8C3A49345235}.Debug|Any CPU.Build.0 = Debug|Any CPU
		{326D9118-A52A-4D1A-BF05-8C3A49345235}.Release|Any CPU.ActiveCfg = Release|Any CPU
		{326D9118-A52A-4D1A-BF05-8C3A49345235}.Release|Any CPU.Build.0 = Release|Any CPU
		{6D3F049F-D659-491B-8A80-F3169B11F019}.Debug|Any CPU.ActiveCfg = Debug|Any CPU
		{6D3F049F-D659-491B-8A80-F3169B11F019}.Debug|Any CPU.Build.0 = Debug|Any CPU
		{6D3F049F-D659-491B-8A80-F3169B11F019}.Release|Any CPU.ActiveCfg = Release|Any CPU
		{6D3F049F-D659-491B-8A80-F3169B11F019}.Release|Any CPU.Build.0 = Release|Any CPU
		{8FBCEECB-CB2B-4E09-B60F-03C0E834D07E}.Debug|Any CPU.ActiveCfg = Debug|Any CPU
		{8FBCEECB-CB2B-4E09-B60F-03C0E834D07E}.Debug|Any CPU.Build.0 = Debug|Any CPU
		{8FBCEECB-CB2B-4E09-B60F-03C0E834D07E}.Release|Any CPU.ActiveCfg = Release|Any CPU
		{8FBCEECB-CB2B-4E09-B60F-03C0E834D07E}.Release|Any CPU.Build.0 = Release|Any CPU
		{82AD5BCB-765F-4560-90BF-BCD14C06FDAD}.Debug|Any CPU.ActiveCfg = Debug|Any CPU
		{82AD5BCB-765F-4560-90BF-BCD14C06FDAD}.Debug|Any CPU.Build.0 = Debug|Any CPU
		{82AD5BCB-765F-4560-90BF-BCD14C06FDAD}.Release|Any CPU.ActiveCfg = Release|Any CPU
		{82AD5BCB-765F-4560-90BF-BCD14C06FDAD}.Release|Any CPU.Build.0 = Release|Any CPU
		{39288713-CFD2-4B52-9F1F-BEFF54743C84}.Debug|Any CPU.ActiveCfg = Debug|Any CPU
		{39288713-CFD2-4B52-9F1F-BEFF54743C84}.Debug|Any CPU.Build.0 = Debug|Any CPU
		{39288713-CFD2-4B52-9F1F-BEFF54743C84}.Release|Any CPU.ActiveCfg = Release|Any CPU
		{39288713-CFD2-4B52-9F1F-BEFF54743C84}.Release|Any CPU.Build.0 = Release|Any CPU
		{920BB7AE-E6D1-4C4A-8075-CB1B7B3F60CB}.Debug|Any CPU.ActiveCfg = Debug|Any CPU
		{920BB7AE-E6D1-4C4A-8075-CB1B7B3F60CB}.Debug|Any CPU.Build.0 = Debug|Any CPU
		{920BB7AE-E6D1-4C4A-8075-CB1B7B3F60CB}.Release|Any CPU.ActiveCfg = Release|Any CPU
		{920BB7AE-E6D1-4C4A-8075-CB1B7B3F60CB}.Release|Any CPU.Build.0 = Release|Any CPU
		{BE02BFFC-B36D-49C5-9F90-854C18E13F33}.Debug|Any CPU.ActiveCfg = Debug|Any CPU
		{BE02BFFC-B36D-49C5-9F90-854C18E13F33}.Debug|Any CPU.Build.0 = Debug|Any CPU
		{BE02BFFC-B36D-49C5-9F90-854C18E13F33}.Release|Any CPU.ActiveCfg = Release|Any CPU
		{BE02BFFC-B36D-49C5-9F90-854C18E13F33}.Release|Any CPU.Build.0 = Release|Any CPU
		{1E97F546-6CC3-4494-8350-DA53A38A0A9A}.Debug|Any CPU.ActiveCfg = Debug|Any CPU
		{1E97F546-6CC3-4494-8350-DA53A38A0A9A}.Debug|Any CPU.Build.0 = Debug|Any CPU
		{1E97F546-6CC3-4494-8350-DA53A38A0A9A}.Release|Any CPU.ActiveCfg = Release|Any CPU
		{1E97F546-6CC3-4494-8350-DA53A38A0A9A}.Release|Any CPU.Build.0 = Release|Any CPU
		{CB0541A7-83E8-4F77-B5EE-40BEA594D6AC}.Debug|Any CPU.ActiveCfg = Debug|Any CPU
		{CB0541A7-83E8-4F77-B5EE-40BEA594D6AC}.Debug|Any CPU.Build.0 = Debug|Any CPU
		{CB0541A7-83E8-4F77-B5EE-40BEA594D6AC}.Release|Any CPU.ActiveCfg = Release|Any CPU
		{CB0541A7-83E8-4F77-B5EE-40BEA594D6AC}.Release|Any CPU.Build.0 = Release|Any CPU
		{E29B7F93-3D65-4D69-B03F-5F77AB720F14}.Debug|Any CPU.ActiveCfg = Debug|Any CPU
		{E29B7F93-3D65-4D69-B03F-5F77AB720F14}.Debug|Any CPU.Build.0 = Debug|Any CPU
		{E29B7F93-3D65-4D69-B03F-5F77AB720F14}.Release|Any CPU.ActiveCfg = Release|Any CPU
		{E29B7F93-3D65-4D69-B03F-5F77AB720F14}.Release|Any CPU.Build.0 = Release|Any CPU
		{DB2B79C3-6947-4FC5-9E9A-BF5490559E3D}.Debug|Any CPU.ActiveCfg = Debug|Any CPU
		{DB2B79C3-6947-4FC5-9E9A-BF5490559E3D}.Debug|Any CPU.Build.0 = Debug|Any CPU
		{DB2B79C3-6947-4FC5-9E9A-BF5490559E3D}.Release|Any CPU.ActiveCfg = Release|Any CPU
		{DB2B79C3-6947-4FC5-9E9A-BF5490559E3D}.Release|Any CPU.Build.0 = Release|Any CPU
	EndGlobalSection
	GlobalSection(SolutionProperties) = preSolution
		HideSolutionNode = FALSE
	EndGlobalSection
	GlobalSection(ExtensibilityGlobals) = postSolution
		SolutionGuid = {3391A2A8-B6A7-4BA8-A4D5-C2FA67806D6D}
	EndGlobalSection
EndGlobal
